
Microsoft Visual Studio Solution File, Format Version 12.00
# Visual Studio Version 16
VisualStudioVersion = 16.0.29215.179
MinimumVisualStudioVersion = 10.0.40219.1
Project("{FAE04EC0-301F-11D3-BF4B-00C04F79EFBC}") = "Crypto.NET", "Crypto.NET\Crypto.NET.csproj", "{F20CC423-BE19-4ED5-B5BD-6D1F44368360}"
EndProject
Global
	GlobalSection(SolutionConfigurationPlatforms) = preSolution
		Debug|Any CPU = Debug|Any CPU
		Release|Any CPU = Release|Any CPU
	EndGlobalSection
	GlobalSection(ProjectConfigurationPlatforms) = postSolution
		{F20CC423-BE19-4ED5-B5BD-6D1F44368360}.Debug|Any CPU.ActiveCfg = Debug|Any CPU
		{F20CC423-BE19-4ED5-B5BD-6D1F44368360}.Debug|Any CPU.Build.0 = Debug|Any CPU
		{F20CC423-BE19-4ED5-B5BD-6D1F44368360}.Release|Any CPU.ActiveCfg = Release|Any CPU
		{F20CC423-BE19-4ED5-B5BD-6D1F44368360}.Release|Any CPU.Build.0 = Release|Any CPU
	EndGlobalSection
	GlobalSection(SolutionProperties) = preSolution
		HideSolutionNode = FALSE
	EndGlobalSection
	GlobalSection(ExtensibilityGlobals) = postSolution
		SolutionGuid = {4B67F92F-C262-4A79-8CE3-28EF32B1F1A6}
	EndGlobalSection
EndGlobal
